
Microsoft Visual Studio Solution File, Format Version 12.00
# Visual Studio 14
VisualStudioVersion = 14.0.25420.1
MinimumVisualStudioVersion = 10.0.40219.1
Project("{8BC9CEB8-8B4A-11D0-8D11-00A0C91BC942}") = "openssl", "FOREIGN\openssl\openssl.vcxproj", "{36580DA5-0AFE-41F6-AFB3-AF5F3BCE9248}"
EndProject
Project("{8BC9CEB8-8B4A-11D0-8D11-00A0C91BC942}") = "leveldb", "FOREIGN\leveldb\leveldb.vcxproj", "{1F98C6EE-4D9E-48C4-9710-FD145353CEDC}"
EndProject
Project("{8BC9CEB8-8B4A-11D0-8D11-00A0C91BC942}") = "mpir", "FOREIGN\mpir\mpir.vcxproj", "{36580DA5-0AFE-41F6-AFB3-AFEF30CE9247}"
EndProject
Project("{8BC9CEB8-8B4A-11D0-8D11-00A0C91BC942}") = "protobuf", "FOREIGN\google\protobuf\protobuf.vcxproj", "{1F98C6EE-4D9E-48C4-9710-3D145353CEDD}"
EndProject
Project("{8BC9CEB8-8B4A-11D0-8D11-00A0C91BC942}") = "bdb", "FOREIGN\bdb\bdb.vcxproj", "{6F98C6EE-4D9E-4EC4-9710-FD145353CEDC}"
EndProject
Project("{8BC9CEB8-8B4A-11D0-8D11-00A0C91BC942}") = "miniupnpc", "FOREIGN\miniupnpc\miniupnpc.vcxproj", "{1F98C6E1-2DAE-78C4-9710-FD145353CEDC}"
EndProject
Project("{8BC9CEB8-8B4A-11D0-8D11-00A0C91BC942}") = "libevent", "FOREIGN\libevent\libevent.vcxproj", "{B98ABFCE-24D4-4B70-94DE-EF7F1E0662F9}"
EndProject
Project("{8BC9CEB8-8B4A-11D0-8D11-00A0C91BC942}") = "groestlcoin-cli", "src\groestlcoin-cli.vcxproj", "{1630C0CD-799D-4FB6-A54B-ED164DEC0FB1}"
	ProjectSection(ProjectDependencies) = postProject
		{1630C0CD-099D-4FB6-A57B-1D164DEC0FB1} = {1630C0CD-099D-4FB6-A57B-1D164DEC0FB1}
	EndProjectSection
EndProject
Project("{8BC9CEB8-8B4A-11D0-8D11-00A0C91BC942}") = "groestlcoin-qt", "src\groestlcoin-qt.vcxproj", "{2620C0CD-299D-4FB6-A59B-ED164DEC0FB1}"
	ProjectSection(ProjectDependencies) = postProject
		{1630C0CD-099D-4FB6-A57B-1D164DEC0FB1} = {1630C0CD-099D-4FB6-A57B-1D164DEC0FB1}
	EndProjectSection
EndProject
Project("{8BC9CEB8-8B4A-11D0-8D11-00A0C91BC942}") = "groestlcoin-common", "src\groestlcoin-common.vcxproj", "{1630C0CD-099D-4FB6-A57B-1D164DEC0FB1}"
	ProjectSection(ProjectDependencies) = postProject
		{36580DA5-0AFE-41F6-AFB3-AF5F3BCE9248} = {36580DA5-0AFE-41F6-AFB3-AF5F3BCE9248}
		{36580DA5-0AFE-41F6-AFB3-AFEF30CE9247} = {36580DA5-0AFE-41F6-AFB3-AFEF30CE9247}
		{B98ABFCE-24D4-4B70-94DE-EF7F1E0662F9} = {B98ABFCE-24D4-4B70-94DE-EF7F1E0662F9}
		{1F98C6E1-2DAE-78C4-9710-FD145353CEDC} = {1F98C6E1-2DAE-78C4-9710-FD145353CEDC}
		{1F98C6EE-4D9E-48C4-9710-3D145353CEDD} = {1F98C6EE-4D9E-48C4-9710-3D145353CEDD}
		{1F98C6EE-4D9E-48C4-9710-FD145353CEDC} = {1F98C6EE-4D9E-48C4-9710-FD145353CEDC}
		{6F98C6EE-4D9E-4EC4-9710-FD145353CEDC} = {6F98C6EE-4D9E-4EC4-9710-FD145353CEDC}
	EndProjectSection
EndProject
Project("{8BC9CEB8-8B4A-11D0-8D11-00A0C91BC942}") = "groestlcoind", "src\groestlcoind.vcxproj", "{1630C0CD-299D-4FB6-A59B-ED164DEC0FB1}"
	ProjectSection(ProjectDependencies) = postProject
		{1630C0CD-099D-4FB6-A57B-1D164DEC0FB1} = {1630C0CD-099D-4FB6-A57B-1D164DEC0FB1}
	EndProjectSection
EndProject
Global
	GlobalSection(SolutionConfigurationPlatforms) = preSolution
		R_St|x64 = R_St|x64
		R_St|x86 = R_St|x86
	EndGlobalSection
	GlobalSection(ProjectConfigurationPlatforms) = postSolution
		{36580DA5-0AFE-41F6-AFB3-AF5F3BCE9248}.R_St|x64.ActiveCfg = R_St|x64
		{36580DA5-0AFE-41F6-AFB3-AF5F3BCE9248}.R_St|x86.ActiveCfg = R_St|Win32
		{1F98C6EE-4D9E-48C4-9710-FD145353CEDC}.R_St|x64.ActiveCfg = R_St|x64
		{1F98C6EE-4D9E-48C4-9710-FD145353CEDC}.R_St|x86.ActiveCfg = R_St|Win32
		{36580DA5-0AFE-41F6-AFB3-AFEF30CE9247}.R_St|x64.ActiveCfg = R_St|x64
		{36580DA5-0AFE-41F6-AFB3-AFEF30CE9247}.R_St|x86.ActiveCfg = R_St|Win32
		{1F98C6EE-4D9E-48C4-9710-3D145353CEDD}.R_St|x64.ActiveCfg = R_St|x64
		{1F98C6EE-4D9E-48C4-9710-3D145353CEDD}.R_St|x86.ActiveCfg = R_St|Win32
		{6F98C6EE-4D9E-4EC4-9710-FD145353CEDC}.R_St|x64.ActiveCfg = R_St|x64
		{6F98C6EE-4D9E-4EC4-9710-FD145353CEDC}.R_St|x86.ActiveCfg = R_St|Win32
		{1F98C6E1-2DAE-78C4-9710-FD145353CEDC}.R_St|x64.ActiveCfg = R_St|x64
		{1F98C6E1-2DAE-78C4-9710-FD145353CEDC}.R_St|x86.ActiveCfg = R_St|Win32
		{B98ABFCE-24D4-4B70-94DE-EF7F1E0662F9}.R_St|x64.ActiveCfg = R_St|x64
		{B98ABFCE-24D4-4B70-94DE-EF7F1E0662F9}.R_St|x86.ActiveCfg = R_St|Win32
		{1630C0CD-799D-4FB6-A54B-ED164DEC0FB1}.R_St|x64.ActiveCfg = R_St|x64
		{1630C0CD-799D-4FB6-A54B-ED164DEC0FB1}.R_St|x64.Build.0 = R_St|x64
		{1630C0CD-799D-4FB6-A54B-ED164DEC0FB1}.R_St|x86.ActiveCfg = R_St|Win32
		{1630C0CD-799D-4FB6-A54B-ED164DEC0FB1}.R_St|x86.Build.0 = R_St|Win32
		{2620C0CD-299D-4FB6-A59B-ED164DEC0FB1}.R_St|x64.ActiveCfg = R_St|x64
		{2620C0CD-299D-4FB6-A59B-ED164DEC0FB1}.R_St|x64.Build.0 = R_St|x64
		{2620C0CD-299D-4FB6-A59B-ED164DEC0FB1}.R_St|x86.ActiveCfg = R_St|Win32
		{2620C0CD-299D-4FB6-A59B-ED164DEC0FB1}.R_St|x86.Build.0 = R_St|Win32
		{1630C0CD-099D-4FB6-A57B-1D164DEC0FB1}.R_St|x64.ActiveCfg = R_St|x64
		{1630C0CD-099D-4FB6-A57B-1D164DEC0FB1}.R_St|x64.Build.0 = R_St|x64
		{1630C0CD-099D-4FB6-A57B-1D164DEC0FB1}.R_St|x86.ActiveCfg = R_St|Win32
		{1630C0CD-099D-4FB6-A57B-1D164DEC0FB1}.R_St|x86.Build.0 = R_St|Win32
		{1630C0CD-299D-4FB6-A59B-ED164DEC0FB1}.R_St|x64.ActiveCfg = R_St|x64
		{1630C0CD-299D-4FB6-A59B-ED164DEC0FB1}.R_St|x64.Build.0 = R_St|x64
		{1630C0CD-299D-4FB6-A59B-ED164DEC0FB1}.R_St|x86.ActiveCfg = R_St|Win32
		{1630C0CD-299D-4FB6-A59B-ED164DEC0FB1}.R_St|x86.Build.0 = R_St|Win32
	EndGlobalSection
	GlobalSection(SolutionProperties) = preSolution
		HideSolutionNode = FALSE
	EndGlobalSection
EndGlobal
