<?xml version="1.0" encoding="utf-8"?>
<Project ToolsVersion="4.0" xmlns="http://schemas.microsoft.com/developer/msbuild/2003">
  <ItemGroup>
    <Filter Include="Source Files">
      <UniqueIdentifier>{4FC737F1-C7A5-4376-A066-2A32D752A2FF}</UniqueIdentifier>
      <Extensions>cpp;c;cc;cxx;def;odl;idl;hpj;bat;asm;asmx</Extensions>
    </Filter>
    <Filter Include="Header Files">
      <UniqueIdentifier>{93995380-89BD-4b04-88EB-625FBE52EBFB}</UniqueIdentifier>
      <Extensions>h;hh;hpp;hxx;hm;inl;inc;xsd</Extensions>
    </Filter>
    <Filter Include="Resource Files">
      <UniqueIdentifier>{67DA6AB6-F800-4c08-8B7A-83BB121AAD01}</UniqueIdentifier>
      <Extensions>rc;ico;cur;bmp;dlg;rc2;rct;bin;rgs;gif;jpg;jpeg;jpe;resx;tiff;tif;png;wav;mfcribbon-ms</Extensions>
    </Filter>
    <Filter Include="Source Files\qt">
      <UniqueIdentifier>{0e034e57-2344-4da1-a24c-978d1bdb299c}</UniqueIdentifier>
    </Filter>
    <Filter Include="Header Files\qt">
      <UniqueIdentifier>{fb65136d-ba22-4a2f-9017-0d3282b64fe2}</UniqueIdentifier>
    </Filter>
    <Filter Include="Source Files\qt\moc">
      <UniqueIdentifier>{afcd613f-4a17-47da-bae7-f73e426e2306}</UniqueIdentifier>
    </Filter>
    <Filter Include="Source Files\qt\protobuf">
      <UniqueIdentifier>{c512e75b-16bc-4a01-b016-8d4728a660ed}</UniqueIdentifier>
    </Filter>
  </ItemGroup>
  <ItemGroup>
    <ClCompile Include="win-libs.cpp">
      <Filter>Source Files</Filter>
    </ClCompile>
    <ClCompile Include="qt\bitcoin.cpp">
      <Filter>Source Files\qt</Filter>
    </ClCompile>
    <ClCompile Include="qt\networkstyle.cpp">
      <Filter>Source Files\qt</Filter>
    </ClCompile>
    <ClCompile Include="qt\optionsmodel.cpp">
      <Filter>Source Files\qt</Filter>
    </ClCompile>
    <ClCompile Include="qt\bitcoingui.cpp">
      <Filter>Source Files\qt</Filter>
    </ClCompile>
    <ClCompile Include="qt\guiutil.cpp">
      <Filter>Source Files\qt</Filter>
    </ClCompile>
    <ClCompile Include="qt\splashscreen.cpp">
      <Filter>Source Files\qt</Filter>
    </ClCompile>
    <ClCompile Include="qt\utilitydialog.cpp">
      <Filter>Source Files\qt</Filter>
    </ClCompile>
    <ClCompile Include="qt\scicon.cpp">
      <Filter>Source Files\qt</Filter>
    </ClCompile>
    <ClCompile Include="qt\moc_utilitydialog.cpp">
      <Filter>Source Files\qt\moc</Filter>
    </ClCompile>
    <ClCompile Include="qt\paymentrequest.pb.cc">
      <Filter>Source Files\qt\protobuf</Filter>
    </ClCompile>
    <ClCompile Include="qt\clientmodel.cpp">
      <Filter>Source Files\qt</Filter>
    </ClCompile>
    <ClCompile Include="qt\winshutdownmonitor.cpp">
      <Filter>Source Files\qt</Filter>
    </ClCompile>
    <ClCompile Include="qt\moc_bitcoingui.cpp">
      <Filter>Source Files\qt\moc</Filter>
    </ClCompile>
    <ClCompile Include="qt\bitcoinunits.cpp">
      <Filter>Source Files\qt</Filter>
    </ClCompile>
    <ClCompile Include="qt\moc_splashscreen.cpp">
      <Filter>Source Files\qt\moc</Filter>
    </ClCompile>
    <ClCompile Include="qt\moc_clientmodel.cpp">
      <Filter>Source Files\qt\moc</Filter>
    </ClCompile>
    <ClCompile Include="qt\bitcoinaddressvalidator.cpp">
      <Filter>Source Files\qt</Filter>
    </ClCompile>
    <ClCompile Include="qt\intro.cpp">
      <Filter>Source Files\qt</Filter>
    </ClCompile>
    <ClCompile Include="qt\moc_intro.cpp">
      <Filter>Source Files\qt\moc</Filter>
    </ClCompile>
    <ClCompile Include="qt\moc_bitcoinaddressvalidator.cpp">
      <Filter>Source Files\qt\moc</Filter>
    </ClCompile>
    <ClCompile Include="qt\peertablemodel.cpp">
      <Filter>Source Files\qt</Filter>
    </ClCompile>
    <ClCompile Include="qt\moc_guiutil.cpp">
      <Filter>Source Files\qt\moc</Filter>
    </ClCompile>
    <ClCompile Include="qt\optionsdialog.cpp">
      <Filter>Source Files\qt</Filter>
    </ClCompile>
    <ClCompile Include="qt\moc_optionsmodel.cpp">
      <Filter>Source Files\qt\moc</Filter>
    </ClCompile>
    <ClCompile Include="qt\notificator.cpp">
      <Filter>Source Files\qt</Filter>
    </ClCompile>
    <ClCompile Include="qt\qvaluecombobox.cpp">
      <Filter>Source Files\qt</Filter>
    </ClCompile>
    <ClCompile Include="qt\moc_bitcoinunits.cpp">
      <Filter>Source Files\qt\moc</Filter>
    </ClCompile>
    <ClCompile Include="qt\moc_optionsdialog.cpp">
      <Filter>Source Files\qt\moc</Filter>
    </ClCompile>
    <ClCompile Include="qt\moc_qvalidatedlineedit.cpp">
      <Filter>Source Files\qt\moc</Filter>
    </ClCompile>
    <ClCompile Include="qt\rpcconsole.cpp">
      <Filter>Source Files\qt</Filter>
    </ClCompile>
    <ClCompile Include="qt\qvalidatedlineedit.cpp">
      <Filter>Source Files\qt</Filter>
    </ClCompile>
    <ClCompile Include="qt\moc_peertablemodel.cpp">
      <Filter>Source Files\qt\moc</Filter>
    </ClCompile>
    <ClCompile Include="qt\moc_qvaluecombobox.cpp">
      <Filter>Source Files\qt\moc</Filter>
    </ClCompile>
    <ClCompile Include="qt\moc_rpcconsole.cpp">
      <Filter>Source Files\qt\moc</Filter>
    </ClCompile>
    <ClCompile Include="qt\trafficgraphwidget.cpp">
      <Filter>Source Files\qt</Filter>
    </ClCompile>
    <ClCompile Include="qt\moc_notificator.cpp">
      <Filter>Source Files\qt\moc</Filter>
    </ClCompile>
    <ClCompile Include="qt\moc_trafficgraphwidget.cpp">
      <Filter>Source Files\qt\moc</Filter>
    </ClCompile>
    <ClCompile Include="qt\res_bitcoin.cpp">
      <Filter>Resource Files</Filter>
    </ClCompile>
    <ClCompile Include="qt\res_bitcoin_locale.cpp">
      <Filter>Resource Files</Filter>
    </ClCompile>
  </ItemGroup>
  <ItemGroup>
    <ClInclude Include="qt\networkstyle.h">
      <Filter>Header Files\qt</Filter>
    </ClInclude>
    <ClInclude Include="qt\optionsmodel.h">
      <Filter>Header Files\qt</Filter>
    </ClInclude>
    <ClInclude Include="qt\bitcoingui.h">
      <Filter>Header Files\qt</Filter>
    </ClInclude>
    <ClInclude Include="qt\guiutil.h">
      <Filter>Header Files\qt</Filter>
    </ClInclude>
    <ClInclude Include="qt\splashscreen.h">
      <Filter>Header Files\qt</Filter>
    </ClInclude>
    <ClInclude Include="qt\utilitydialog.h">
      <Filter>Header Files\qt</Filter>
    </ClInclude>
    <ClInclude Include="qt\scicon.h">
      <Filter>Header Files\qt</Filter>
    </ClInclude>
    <ClInclude Include="qt\clientmodel.h">
      <Filter>Header Files\qt</Filter>
    </ClInclude>
    <ClInclude Include="qt\winshutdownmonitor.h">
      <Filter>Header Files\qt</Filter>
    </ClInclude>
    <ClInclude Include="qt\bitcoinunits.h">
      <Filter>Header Files</Filter>
    </ClInclude>
    <ClInclude Include="qt\bitcoinaddressvalidator.h">
      <Filter>Header Files\qt</Filter>
    </ClInclude>
    <ClInclude Include="qt\intro.h">
      <Filter>Header Files\qt</Filter>
    </ClInclude>
    <ClInclude Include="qt\peertablemodel.h">
      <Filter>Header Files\qt</Filter>
    </ClInclude>
    <ClInclude Include="qt\notificator.h">
      <Filter>Header Files\qt</Filter>
    </ClInclude>
    <ClInclude Include="qt\qvaluecombobox.h">
      <Filter>Header Files\qt</Filter>
    </ClInclude>
    <ClInclude Include="qt\rpcconsole.h">
      <Filter>Header Files\qt</Filter>
    </ClInclude>
    <ClInclude Include="qt\trafficgraphwidget.h">
      <Filter>Header Files\qt</Filter>
    </ClInclude>
  </ItemGroup>
</Project>